speakeasyVersion: 1.274.1
sources:
    docs-source:
        sourceNamespace: docs-source
        sourceRevisionDigest: sha256:69a80ceb93badd8ebbe0faa0fb7e1df586f2d7194d957940cc47fe904ed4c7dd
        sourceBlobDigest: sha256:d29ffa9d27a3519183742f17f3361e9d75b493ef88ff236b00925b1e8cfef0c3
        tags:
            - latest
    my-tagging-demo:
        sourceNamespace: my-tagging-demo
        sourceRevisionDigest: sha256:9ed13dc1e262b15c09ce70a69a38f91392626b3c88c8e66d77bff7e17d53226e
        sourceBlobDigest: sha256:d29ffa9d27a3519183742f17f3361e9d75b493ef88ff236b00925b1e8cfef0c3
        tags:
            - latest
            - ryan
            - release_candidate_3c7249f126b95c0bba533282dbb65e44202fd9c6
            - prod
targets: {}
workflow:
    workflowVersion: 1.0.0
    speakeasyVersion: latest
    sources:
        docs-source:
            inputs:
                - location: input.yaml
            overlays:
                - location: https://raw.githubusercontent.com/ryan-timothy-albert/sample-go-sdk/main/codeSamples.yaml
                - location: https://raw.githubusercontent.com/ryan-timothy-albert/sample-typescript-sdk/main/codeSamples.yaml
                - location: https://raw.githubusercontent.com/ryan-timothy-albert/sample-python-sdk/main/py/codeSamples.yaml
                  authHeader: authorization
                  authSecret: $openapi_doc_auth_token
            output: openapi.yaml
            publish:
                location: registry.speakeasyapi.dev/ryan-local/ryan-local/my-tagging-demo
    targets: {}
