speakeasyVersion: 1.274.1
sources:
    docs-source:
        sourceNamespace: docs-source
        sourceRevisionDigest: sha256:69a80ceb93badd8ebbe0faa0fb7e1df586f2d7194d957940cc47fe904ed4c7dd
        sourceBlobDigest: sha256:d29ffa9d27a3519183742f17f3361e9d75b493ef88ff236b00925b1e8cfef0c3
        tags:
            - latest
    my-tagging-demo:
        sourceNamespace: my-tagging-demo
        sourceRevisionDigest: sha256:0a33201123d2403c398ef98aa759b82da45f70ab7df11378421ab25cb4afdea6
        sourceBlobDigest: sha256:865811496e1118f20b937ea2d438c09a8c0e924da9e03fe90cf976616b2f285d
        tags:
            - latest
            - ryan
            - prod
targets: {}
workflow:
    workflowVersion: 1.0.0
    speakeasyVersion: latest
    sources:
        docs-source:
            inputs:
                - location: input.yaml
            overlays:
                - location: https://raw.githubusercontent.com/ryan-timothy-albert/sample-go-sdk/main/codeSamples.yaml
                - location: https://raw.githubusercontent.com/ryan-timothy-albert/sample-typescript-sdk/main/codeSamples.yaml
                - location: https://raw.githubusercontent.com/ryan-timothy-albert/sample-python-sdk/main/py/codeSamples.yaml
                  authHeader: authorization
                  authSecret: $openapi_doc_auth_token
            output: openapi.yaml
            publish:
                location: registry.speakeasyapi.dev/ryan-local/ryan-local/my-tagging-demo
    targets: {}
